
Microsoft Visual Studio Solution File, Format Version 12.00
# Visual Studio Version 16
VisualStudioVersion = 16.0.29911.84
MinimumVisualStudioVersion = 10.0.40219.1
Project("{FAE04EC0-301F-11D3-BF4B-00C04F79EFBC}") = "Lab4_OS", "Lab4_OS\Lab4_OS.csproj", "{1174DAD0-E8A2-419C-91E7-5B4B53ADBBCC}"
EndProject
Global
	GlobalSection(SolutionConfigurationPlatforms) = preSolution
		Debug|Any CPU = Debug|Any CPU
		Release|Any CPU = Release|Any CPU
	EndGlobalSection
	GlobalSection(ProjectConfigurationPlatforms) = postSolution
		{1174DAD0-E8A2-419C-91E7-5B4B53ADBBCC}.Debug|Any CPU.ActiveCfg = Debug|Any CPU
		{1174DAD0-E8A2-419C-91E7-5B4B53ADBBCC}.Debug|Any CPU.Build.0 = Debug|Any CPU
		{1174DAD0-E8A2-419C-91E7-5B4B53ADBBCC}.Release|Any CPU.ActiveCfg = Release|Any CPU
		{1174DAD0-E8A2-419C-91E7-5B4B53ADBBCC}.Release|Any CPU.Build.0 = Release|Any CPU
	EndGlobalSection
	GlobalSection(SolutionProperties) = preSolution
		HideSolutionNode = FALSE
	EndGlobalSection
	GlobalSection(ExtensibilityGlobals) = postSolution
		SolutionGuid = {A0C8C7F6-597A-48BC-820E-6594E336458B}
	EndGlobalSection
EndGlobal
